<?xml version="1.0" encoding="utf-8"?>
<Project ToolsVersion="4.0" xmlns="http://schemas.microsoft.com/developer/msbuild/2003">
  <ItemGroup>
    <Filter Include="Source Files">
      <UniqueIdentifier>{75ea7a81-e328-4881-b894-c2173c81bb82}</UniqueIdentifier>
      <Extensions>cpp;c;cxx;rc;def;r;odl;idl;hpj;bat</Extensions>
    </Filter>
    <Filter Include="Header Files">
      <UniqueIdentifier>{ea6b6f1b-d545-43e8-b390-23f9c1b1969c}</UniqueIdentifier>
      <Extensions>h;hpp;hxx;hm;inl</Extensions>
    </Filter>
  </ItemGroup>
  <ItemGroup>
    <ClCompile Include="EffectData.cpp">
      <Filter>Source Files</Filter>
    </ClCompile>
    <ClCompile Include="EffectElementBase.cpp">
      <Filter>Source Files</Filter>
    </ClCompile>
    <ClCompile Include="EffectElementBaseInstance.cpp">
      <Filter>Source Files</Filter>
    </ClCompile>
    <ClCompile Include="EffectInstance.cpp">
      <Filter>Source Files</Filter>
    </ClCompile>
    <ClCompile Include="EffectManager.cpp">
      <Filter>Source Files</Filter>
    </ClCompile>
    <ClCompile Include="EffectMesh.cpp">
      <Filter>Source Files</Filter>
    </ClCompile>
    <ClCompile Include="EffectMeshInstance.cpp">
      <Filter>Source Files</Filter>
    </ClCompile>
    <ClCompile Include="EffectUpdateDecorator.cpp">
      <Filter>Source Files</Filter>
    </ClCompile>
    <ClCompile Include="EmitterProperty.cpp">
      <Filter>Source Files</Filter>
    </ClCompile>
    <ClCompile Include="FrameController.cpp">
      <Filter>Source Files</Filter>
    </ClCompile>
    <ClCompile Include="ParticleInstance.cpp">
      <Filter>Source Files</Filter>
    </ClCompile>
    <ClCompile Include="ParticleProperty.cpp">
      <Filter>Source Files</Filter>
    </ClCompile>
    <ClCompile Include="ParticleSystemData.cpp">
      <Filter>Source Files</Filter>
    </ClCompile>
    <ClCompile Include="ParticleSystemInstance.cpp">
      <Filter>Source Files</Filter>
    </ClCompile>
    <ClCompile Include="SimpleLightData.cpp">
      <Filter>Source Files</Filter>
    </ClCompile>
    <ClCompile Include="SimpleLightInstance.cpp">
      <Filter>Source Files</Filter>
    </ClCompile>
    <ClCompile Include="StdAfx.cpp">
      <Filter>Source Files</Filter>
    </ClCompile>
    <ClCompile Include="Type.cpp">
      <Filter>Source Files</Filter>
    </ClCompile>
  </ItemGroup>
  <ItemGroup>
    <ClInclude Include="EffectData.h">
      <Filter>Header Files</Filter>
    </ClInclude>
    <ClInclude Include="EffectElementBase.h">
      <Filter>Header Files</Filter>
    </ClInclude>
    <ClInclude Include="EffectElementBaseInstance.h">
      <Filter>Header Files</Filter>
    </ClInclude>
    <ClInclude Include="EffectInstance.h">
      <Filter>Header Files</Filter>
    </ClInclude>
    <ClInclude Include="EffectManager.h">
      <Filter>Header Files</Filter>
    </ClInclude>
    <ClInclude Include="EffectMesh.h">
      <Filter>Header Files</Filter>
    </ClInclude>
    <ClInclude Include="EffectMeshInstance.h">
      <Filter>Header Files</Filter>
    </ClInclude>
    <ClInclude Include="EffectUpdateDecorator.h">
      <Filter>Header Files</Filter>
    </ClInclude>
    <ClInclude Include="EmitterProperty.h">
      <Filter>Header Files</Filter>
    </ClInclude>
    <ClInclude Include="FrameController.h">
      <Filter>Header Files</Filter>
    </ClInclude>
    <ClInclude Include="ParticleInstance.h">
      <Filter>Header Files</Filter>
    </ClInclude>
    <ClInclude Include="ParticleProperty.h">
      <Filter>Header Files</Filter>
    </ClInclude>
    <ClInclude Include="ParticleSystemData.h">
      <Filter>Header Files</Filter>
    </ClInclude>
    <ClInclude Include="ParticleSystemInstance.h">
      <Filter>Header Files</Filter>
    </ClInclude>
    <ClInclude Include="SimpleLightData.h">
      <Filter>Header Files</Filter>
    </ClInclude>
    <ClInclude Include="SimpleLightInstance.h">
      <Filter>Header Files</Filter>
    </ClInclude>
    <ClInclude Include="StdAfx.h">
      <Filter>Header Files</Filter>
    </ClInclude>
    <ClInclude Include="Type.h">
      <Filter>Header Files</Filter>
    </ClInclude>
  </ItemGroup>
</Project>